
Microsoft Visual Studio Solution File, Format Version 12.00
# Visual Studio Version 17
VisualStudioVersion = 17.1.32407.343
MinimumVisualStudioVersion = 10.0.40219.1
Project("{9A19103F-16F7-4668-BE54-9A1E7A4F7556}") = "OOPStage3", "OOPStage3\OOPStage3.csproj", "{7B5E45FB-AA0C-4ABA-AC79-37A6709D4428}"
EndProject
Project("{9A19103F-16F7-4668-BE54-9A1E7A4F7556}") = "OOPStage3Library", "OOPStage3Library\OOPStage3Library.csproj", "{B6A233CC-8800-40C4-9416-8CA2027D18EC}"
EndProject
Global
	GlobalSection(SolutionConfigurationPlatforms) = preSolution
		Debug|Any CPU = Debug|Any CPU
		Release|Any CPU = Release|Any CPU
	EndGlobalSection
	GlobalSection(ProjectConfigurationPlatforms) = postSolution
		{7B5E45FB-AA0C-4ABA-AC79-37A6709D4428}.Debug|Any CPU.ActiveCfg = Debug|Any CPU
		{7B5E45FB-AA0C-4ABA-AC79-37A6709D4428}.Debug|Any CPU.Build.0 = Debug|Any CPU
		{7B5E45FB-AA0C-4ABA-AC79-37A6709D4428}.Release|Any CPU.ActiveCfg = Release|Any CPU
		{7B5E45FB-AA0C-4ABA-AC79-37A6709D4428}.Release|Any CPU.Build.0 = Release|Any CPU
		{B6A233CC-8800-40C4-9416-8CA2027D18EC}.Debug|Any CPU.ActiveCfg = Debug|Any CPU
		{B6A233CC-8800-40C4-9416-8CA2027D18EC}.Debug|Any CPU.Build.0 = Debug|Any CPU
		{B6A233CC-8800-40C4-9416-8CA2027D18EC}.Release|Any CPU.ActiveCfg = Release|Any CPU
		{B6A233CC-8800-40C4-9416-8CA2027D18EC}.Release|Any CPU.Build.0 = Release|Any CPU
	EndGlobalSection
	GlobalSection(SolutionProperties) = preSolution
		HideSolutionNode = FALSE
	EndGlobalSection
	GlobalSection(ExtensibilityGlobals) = postSolution
		SolutionGuid = {68DEDA05-536E-4660-8A7A-E38640AD2955}
	EndGlobalSection
EndGlobal
